
Microsoft Visual Studio Solution File, Format Version 12.00
# Visual Studio Version 16
VisualStudioVersion = 16.0.31729.503
MinimumVisualStudioVersion = 10.0.40219.1
Project("{FAE04EC0-301F-11D3-BF4B-00C04F79EFBC}") = "GF2Decrypter", "GF2Decrypter.csproj", "{286567CB-11C9-4D4E-8542-6D4B202154F3}"
EndProject
Global
	GlobalSection(SolutionConfigurationPlatforms) = preSolution
		Debug|Any CPU = Debug|Any CPU
		Release|Any CPU = Release|Any CPU
	EndGlobalSection
	GlobalSection(ProjectConfigurationPlatforms) = postSolution
		{286567CB-11C9-4D4E-8542-6D4B202154F3}.Debug|Any CPU.ActiveCfg = Debug|Any CPU
		{286567CB-11C9-4D4E-8542-6D4B202154F3}.Debug|Any CPU.Build.0 = Debug|Any CPU
		{286567CB-11C9-4D4E-8542-6D4B202154F3}.Release|Any CPU.ActiveCfg = Release|Any CPU
		{286567CB-11C9-4D4E-8542-6D4B202154F3}.Release|Any CPU.Build.0 = Release|Any CPU
	EndGlobalSection
	GlobalSection(SolutionProperties) = preSolution
		HideSolutionNode = FALSE
	EndGlobalSection
	GlobalSection(ExtensibilityGlobals) = postSolution
		SolutionGuid = {3D7523A0-BBDF-47E7-A0BE-4CE22D7DE5DB}
	EndGlobalSection
EndGlobal
